
Microsoft Visual Studio Solution File, Format Version 12.00
# Visual Studio Version 17
VisualStudioVersion = 17.8.34511.84
MinimumVisualStudioVersion = 10.0.40219.1
Project("{FAE04EC0-301F-11D3-BF4B-00C04F79EFBC}") = "Laba7", "Laba7\Laba7.csproj", "{91B3FF5A-84AB-4DF7-B784-BD46AEFC5CBD}"
EndProject
Global
	GlobalSection(SolutionConfigurationPlatforms) = preSolution
		Debug|Any CPU = Debug|Any CPU
		Release|Any CPU = Release|Any CPU
	EndGlobalSection
	GlobalSection(ProjectConfigurationPlatforms) = postSolution
		{91B3FF5A-84AB-4DF7-B784-BD46AEFC5CBD}.Debug|Any CPU.ActiveCfg = Debug|Any CPU
		{91B3FF5A-84AB-4DF7-B784-BD46AEFC5CBD}.Debug|Any CPU.Build.0 = Debug|Any CPU
		{91B3FF5A-84AB-4DF7-B784-BD46AEFC5CBD}.Release|Any CPU.ActiveCfg = Release|Any CPU
		{91B3FF5A-84AB-4DF7-B784-BD46AEFC5CBD}.Release|Any CPU.Build.0 = Release|Any CPU
	EndGlobalSection
	GlobalSection(SolutionProperties) = preSolution
		HideSolutionNode = FALSE
	EndGlobalSection
	GlobalSection(ExtensibilityGlobals) = postSolution
		SolutionGuid = {756FA487-788E-4C4A-BE3E-EEAFEE9366AF}
	EndGlobalSection
EndGlobal
